// !$*UTF8*$!
{
	archiveVersion = 1;
	classes = {
	};
	objectVersion = 46;
	objects = {

/* Begin PBXBuildFile section */
		F4D7CCCF1BE46CE800069E94 /* main.m in Sources */ = {isa = PBXBuildFile; fileRef = F4D7CCCE1BE46CE800069E94 /* main.m */; };
		F4D7CCD21BE46CE800069E94 /* AppDelegate.m in Sources */ = {isa = PBXBuildFile; fileRef = F4D7CCD11BE46CE800069E94 /* AppDelegate.m */; };
		F4D7CCD51BE46CE800069E94 /* ViewController.m in Sources */ = {isa = PBXBuildFile; fileRef = F4D7CCD41BE46CE800069E94 /* ViewController.m */; };
		F4D7CCD81BE46CE800069E94 /* Main.storyboard in Resources */ = {isa = PBXBuildFile; fileRef = F4D7CCD61BE46CE800069E94 /* Main.storyboard */; };
		F4D7CCDA1BE46CE800069E94 /* Images.xcassets in Resources */ = {isa = PBXBuildFile; fileRef = F4D7CCD91BE46CE800069E94 /* Images.xcassets */; };
		F4D7CCDD1BE46CE800069E94 /* LaunchScreen.xib in Resources */ = {isa = PBXBuildFile; fileRef = F4D7CCDB1BE46CE800069E94 /* LaunchScreen.xib */; };
		F4D7CCE91BE46CE800069E94 /* URLParserTests.m in Sources */ = {isa = PBXBuildFile; fileRef = F4D7CCE81BE46CE800069E94 /* URLParserTests.m */; };
		F4D7CCF51BE46D3600069E94 /* PEARURLParser.m in Sources */ = {isa = PBXBuildFile; fileRef = F4D7CCF41BE46D3600069E94 /* PEARURLParser.m */; };
		F4D7CCF81BE46D8500069E94 /* URLEntity.m in Sources */ = {isa = PBXBuildFile; fileRef = F4D7CCF71BE46D8500069E94 /* URLEntity.m */; };
/* End PBXBuildFile section */

/* Begin PBXContainerItemProxy section */
		F4D7CCE31BE46CE800069E94 /* PBXContainerItemProxy */ = {
			isa = PBXContainerItemProxy;
			containerPortal = F4D7CCC11BE46CE800069E94 /* Project object */;
			proxyType = 1;
			remoteGlobalIDString = F4D7CCC81BE46CE800069E94;
			remoteInfo = URLParser;
		};
/* End PBXContainerItemProxy section */

/* Begin PBXFileReference section */
		F4D7CCC91BE46CE800069E94 /* URLParser.app */ = {isa = PBXFileReference; explicitFileType = wrapper.application; includeInIndex = 0; path = URLParser.app; sourceTree = BUILT_PRODUCTS_DIR; };
		F4D7CCCD1BE46CE800069E94 /* Info.plist */ = {isa = PBXFileReference; lastKnownFileType = text.plist.xml; path = Info.plist; sourceTree = "<group>"; };
		F4D7CCCE1BE46CE800069E94 /* main.m */ = {isa = PBXFileReference; lastKnownFileType = sourcecode.c.objc; path = main.m; sourceTree = "<group>"; };
		F4D7CCD01BE46CE800069E94 /* AppDelegate.h */ = {isa = PBXFileReference; lastKnownFileType = sourcecode.c.h; path = AppDelegate.h; sourceTree = "<group>"; };
		F4D7CCD11BE46CE800069E94 /* AppDelegate.m */ = {isa = PBXFileReference; lastKnownFileType = sourcecode.c.objc; path = AppDelegate.m; sourceTree = "<group>"; };
		F4D7CCD31BE46CE800069E94 /* ViewController.h */ = {isa = PBXFileReference; lastKnownFileType = sourcecode.c.h; path = ViewController.h; sourceTree = "<group>"; };
		F4D7CCD41BE46CE800069E94 /* ViewController.m */ = {isa = PBXFileReference; lastKnownFileType = sourcecode.c.objc; path = ViewController.m; sourceTree = "<group>"; };
		F4D7CCD71BE46CE800069E94 /* Base */ = {isa = PBXFileReference; lastKnownFileType = file.storyboard; name = Base; path = Base.lproj/Main.storyboard; sourceTree = "<group>"; };
		F4D7CCD91BE46CE800069E94 /* Images.xcassets */ = {isa = PBXFileReference; lastKnownFileType = folder.assetcatalog; path = Images.xcassets; sourceTree = "<group>"; };
		F4D7CCDC1BE46CE800069E94 /* Base */ = {isa = PBXFileReference; lastKnownFileType = file.xib; name = Base; path = Base.lproj/LaunchScreen.xib; sourceTree = "<group>"; };
		F4D7CCE21BE46CE800069E94 /* URLParserTests.xctest */ = {isa = PBXFileReference; explicitFileType = wrapper.cfbundle; includeInIndex = 0; path = URLParserTests.xctest; sourceTree = BUILT_PRODUCTS_DIR; };
		F4D7CCE71BE46CE800069E94 /* Info.plist */ = {isa = PBXFileReference; lastKnownFileType = text.plist.xml; path = Info.plist; sourceTree = "<group>"; };
		F4D7CCE81BE46CE800069E94 /* URLParserTests.m */ = {isa = PBXFileReference; lastKnownFileType = sourcecode.c.objc; path = URLParserTests.m; sourceTree = "<group>"; };
		F4D7CCF31BE46D3600069E94 /* PEARURLParser.h */ = {isa = PBXFileReference; fileEncoding = 4; lastKnownFileType = sourcecode.c.h; path = PEARURLParser.h; sourceTree = "<group>"; };
		F4D7CCF41BE46D3600069E94 /* PEARURLParser.m */ = {isa = PBXFileReference; fileEncoding = 4; lastKnownFileType = sourcecode.c.objc; path = PEARURLParser.m; sourceTree = "<group>"; };
		F4D7CCF61BE46D8500069E94 /* URLEntity.h */ = {isa = PBXFileReference; fileEncoding = 4; lastKnownFileType = sourcecode.c.h; path = URLEntity.h; sourceTree = "<group>"; };
		F4D7CCF71BE46D8500069E94 /* URLEntity.m */ = {isa = PBXFileReference; fileEncoding = 4; lastKnownFileType = sourcecode.c.objc; path = URLEntity.m; sourceTree = "<group>"; };
/* End PBXFileReference section */

/* Begin PBXFrameworksBuildPhase section */
		F4D7CCC61BE46CE800069E94 /* Frameworks */ = {
			isa = PBXFrameworksBuildPhase;
			buildActionMask = 2147483647;
			files = (
			);
			runOnlyForDeploymentPostprocessing = 0;
		};
		F4D7CCDF1BE46CE800069E94 /* Frameworks */ = {
			isa = PBXFrameworksBuildPhase;
			buildActionMask = 2147483647;
			files = (
			);
			runOnlyForDeploymentPostprocessing = 0;
		};
/* End PBXFrameworksBuildPhase section */

/* Begin PBXGroup section */
		F4D7CCC01BE46CE800069E94 = {
			isa = PBXGroup;
			children = (
				F4D7CCF21BE46CEE00069E94 /* PEAR-URLParser-iOS */,
				F4D7CCCB1BE46CE800069E94 /* URLParser */,
				F4D7CCE51BE46CE800069E94 /* URLParserTests */,
				F4D7CCCA1BE46CE800069E94 /* Products */,
			);
			sourceTree = "<group>";
		};
		F4D7CCCA1BE46CE800069E94 /* Products */ = {
			isa = PBXGroup;
			children = (
				F4D7CCC91BE46CE800069E94 /* URLParser.app */,
				F4D7CCE21BE46CE800069E94 /* URLParserTests.xctest */,
			);
			name = Products;
			sourceTree = "<group>";
		};
		F4D7CCCB1BE46CE800069E94 /* URLParser */ = {
			isa = PBXGroup;
			children = (
				F4D7CCD01BE46CE800069E94 /* AppDelegate.h */,
				F4D7CCD11BE46CE800069E94 /* AppDelegate.m */,
				F4D7CCD31BE46CE800069E94 /* ViewController.h */,
				F4D7CCD41BE46CE800069E94 /* ViewController.m */,
				F4D7CCD61BE46CE800069E94 /* Main.storyboard */,
				F4D7CCD91BE46CE800069E94 /* Images.xcassets */,
				F4D7CCDB1BE46CE800069E94 /* LaunchScreen.xib */,
				F4D7CCCC1BE46CE800069E94 /* Supporting Files */,
			);
			path = URLParser;
			sourceTree = "<group>";
		};
		F4D7CCCC1BE46CE800069E94 /* Supporting Files */ = {
			isa = PBXGroup;
			children = (
				F4D7CCCD1BE46CE800069E94 /* Info.plist */,
				F4D7CCCE1BE46CE800069E94 /* main.m */,
			);
			name = "Supporting Files";
			sourceTree = "<group>";
		};
		F4D7CCE51BE46CE800069E94 /* URLParserTests */ = {
			isa = PBXGroup;
			children = (
				F4D7CCE81BE46CE800069E94 /* URLParserTests.m */,
				F4D7CCE61BE46CE800069E94 /* Supporting Files */,
			);
			path = URLParserTests;
			sourceTree = "<group>";
		};
		F4D7CCE61BE46CE800069E94 /* Supporting Files */ = {
			isa = PBXGroup;
			children = (
				F4D7CCE71BE46CE800069E94 /* Info.plist */,
			);
			name = "Supporting Files";
			sourceTree = "<group>";
		};
		F4D7CCF21BE46CEE00069E94 /* PEAR-URLParser-iOS */ = {
			isa = PBXGroup;
			children = (
				F4D7CCF31BE46D3600069E94 /* PEARURLParser.h */,
				F4D7CCF41BE46D3600069E94 /* PEARURLParser.m */,
				F4D7CCF61BE46D8500069E94 /* URLEntity.h */,
				F4D7CCF71BE46D8500069E94 /* URLEntity.m */,
			);
			path = "PEAR-URLParser-iOS";
			sourceTree = "<group>";
		};
/* End PBXGroup section */

/* Begin PBXNativeTarget section */
		F4D7CCC81BE46CE800069E94 /* URLParser */ = {
			isa = PBXNativeTarget;
			buildConfigurationList = F4D7CCEC1BE46CE800069E94 /* Build configuration list for PBXNativeTarget "URLParser" */;
			buildPhases = (
				F4D7CCC51BE46CE800069E94 /* Sources */,
				F4D7CCC61BE46CE800069E94 /* Frameworks */,
				F4D7CCC71BE46CE800069E94 /* Resources */,
			);
			buildRules = (
			);
			dependencies = (
			);
			name = URLParser;
			productName = URLParser;
			productReference = F4D7CCC91BE46CE800069E94 /* URLParser.app */;
			productType = "com.apple.product-type.application";
		};
		F4D7CCE11BE46CE800069E94 /* URLParserTests */ = {
			isa = PBXNativeTarget;
			buildConfigurationList = F4D7CCEF1BE46CE800069E94 /* Build configuration list for PBXNativeTarget "URLParserTests" */;
			buildPhases = (
				F4D7CCDE1BE46CE800069E94 /* Sources */,
				F4D7CCDF1BE46CE800069E94 /* Frameworks */,
				F4D7CCE01BE46CE800069E94 /* Resources */,
			);
			buildRules = (
			);
			dependencies = (
				F4D7CCE41BE46CE800069E94 /* PBXTargetDependency */,
			);
			name = URLParserTests;
			productName = URLParserTests;
			productReference = F4D7CCE21BE46CE800069E94 /* URLParserTests.xctest */;
			productType = "com.apple.product-type.bundle.unit-test";
		};
/* End PBXNativeTarget section */

/* Begin PBXProject section */
		F4D7CCC11BE46CE800069E94 /* Project object */ = {
			isa = PBXProject;
			attributes = {
				LastUpgradeCheck = 0640;
				ORGANIZATIONNAME = hirokiumatani;
				TargetAttributes = {
					F4D7CCC81BE46CE800069E94 = {
						CreatedOnToolsVersion = 6.4;
					};
					F4D7CCE11BE46CE800069E94 = {
						CreatedOnToolsVersion = 6.4;
						TestTargetID = F4D7CCC81BE46CE800069E94;
					};
				};
			};
			buildConfigurationList = F4D7CCC41BE46CE800069E94 /* Build configuration list for PBXProject "URLParser" */;
			compatibilityVersion = "Xcode 3.2";
			developmentRegion = English;
			hasScannedForEncodings = 0;
			knownRegions = (
				en,
				Base,
			);
			mainGroup = F4D7CCC01BE46CE800069E94;
			productRefGroup = F4D7CCCA1BE46CE800069E94 /* Products */;
			projectDirPath = "";
			projectRoot = "";
			targets = (
				F4D7CCC81BE46CE800069E94 /* URLParser */,
				F4D7CCE11BE46CE800069E94 /* URLParserTests */,
			);
		};
/* End PBXProject section */

/* Begin PBXResourcesBuildPhase section */
		F4D7CCC71BE46CE800069E94 /* Resources */ = {
			isa = PBXResourcesBuildPhase;
			buildActionMask = 2147483647;
			files = (
				F4D7CCD81BE46CE800069E94 /* Main.storyboard in Resources */,
				F4D7CCDD1BE46CE800069E94 /* LaunchScreen.xib in Resources */,
				F4D7CCDA1BE46CE800069E94 /* Images.xcassets in Resources */,
			);
			runOnlyForDeploymentPostprocessing = 0;
		};
		F4D7CCE01BE46CE800069E94 /* Resources */ = {
			isa = PBXResourcesBuildPhase;
			buildActionMask = 2147483647;
			files = (
			);
			runOnlyForDeploymentPostprocessing = 0;
		};
/* End PBXResourcesBuildPhase section */

/* Begin PBXSourcesBuildPhase section */
		F4D7CCC51BE46CE800069E94 /* Sources */ = {
			isa = PBXSourcesBuildPhase;
			buildActionMask = 2147483647;
			files = (
				F4D7CCD51BE46CE800069E94 /* ViewController.m in Sources */,
				F4D7CCD21BE46CE800069E94 /* AppDelegate.m in Sources */,
				F4D7CCF81BE46D8500069E94 /* URLEntity.m in Sources */,
				F4D7CCF51BE46D3600069E94 /* PEARURLParser.m in Sources */,
				F4D7CCCF1BE46CE800069E94 /* main.m in Sources */,
			);
			runOnlyForDeploymentPostprocessing = 0;
		};
		F4D7CCDE1BE46CE800069E94 /* Sources */ = {
			isa = PBXSourcesBuildPhase;
			buildActionMask = 2147483647;
			files = (
				F4D7CCE91BE46CE800069E94 /* URLParserTests.m in Sources */,
			);
			runOnlyForDeploymentPostprocessing = 0;
		};
/* End PBXSourcesBuildPhase section */

/* Begin PBXTargetDependency section */
		F4D7CCE41BE46CE800069E94 /* PBXTargetDependency */ = {
			isa = PBXTargetDependency;
			target = F4D7CCC81BE46CE800069E94 /* URLParser */;
			targetProxy = F4D7CCE31BE46CE800069E94 /* PBXContainerItemProxy */;
		};
/* End PBXTargetDependency section */

/* Begin PBXVariantGroup section */
		F4D7CCD61BE46CE800069E94 /* Main.storyboard */ = {
			isa = PBXVariantGroup;
			children = (
				F4D7CCD71BE46CE800069E94 /* Base */,
			);
			name = Main.storyboard;
			sourceTree = "<group>";
		};
		F4D7CCDB1BE46CE800069E94 /* LaunchScreen.xib */ = {
			isa = PBXVariantGroup;
			children = (
				F4D7CCDC1BE46CE800069E94 /* Base */,
			);
			name = LaunchScreen.xib;
			sourceTree = "<group>";
		};
/* End PBXVariantGroup section */

/* Begin XCBuildConfiguration section */
		F4D7CCEA1BE46CE800069E94 /* Debug */ = {
			isa = XCBuildConfiguration;
			buildSettings = {
				ALWAYS_SEARCH_USER_PATHS = NO;
				CLANG_CXX_LANGUAGE_STANDARD = "gnu++0x";
				CLANG_CXX_LIBRARY = "libc++";
				CLANG_ENABLE_MODULES = YES;
				CLANG_ENABLE_OBJC_ARC = YES;
				CLANG_WARN_BOOL_CONVERSION = YES;
				CLANG_WARN_CONSTANT_CONVERSION = YES;
				CLANG_WARN_DIRECT_OBJC_ISA_USAGE = YES_ERROR;
				CLANG_WARN_EMPTY_BODY = YES;
				CLANG_WARN_ENUM_CONVERSION = YES;
				CLANG_WARN_INT_CONVERSION = YES;
				CLANG_WARN_OBJC_ROOT_CLASS = YES_ERROR;
				CLANG_WARN_UNREACHABLE_CODE = YES;
				CLANG_WARN__DUPLICATE_METHOD_MATCH = YES;
				"CODE_SIGN_IDENTITY[sdk=iphoneos*]" = "iPhone Developer";
				COPY_PHASE_STRIP = NO;
				DEBUG_INFORMATION_FORMAT = "dwarf-with-dsym";
				ENABLE_STRICT_OBJC_MSGSEND = YES;
				GCC_C_LANGUAGE_STANDARD = gnu99;
				GCC_DYNAMIC_NO_PIC = NO;
				GCC_NO_COMMON_BLOCKS = YES;
				GCC_OPTIMIZATION_LEVEL = 0;
				GCC_PREPROCESSOR_DEFINITIONS = (
					"DEBUG=1",
					"$(inherited)",
				);
				GCC_SYMBOLS_PRIVATE_EXTERN = NO;
				GCC_WARN_64_TO_32_BIT_CONVERSION = YES;
				GCC_WARN_ABOUT_RETURN_TYPE = YES_ERROR;
				GCC_WARN_UNDECLARED_SELECTOR = YES;
				GCC_WARN_UNINITIALIZED_AUTOS = YES_AGGRESSIVE;
				GCC_WARN_UNUSED_FUNCTION = YES;
				GCC_WARN_UNUSED_VARIABLE = YES;
				IPHONEOS_DEPLOYMENT_TARGET = 8.4;
				MTL_ENABLE_DEBUG_INFO = YES;
				ONLY_ACTIVE_ARCH = YES;
				SDKROOT = iphoneos;
				TARGETED_DEVICE_FAMILY = "1,2";
			};
			name = Debug;
		};
		F4D7CCEB1BE46CE800069E94 /* Release */ = {
			isa = XCBuildConfiguration;
			buildSettings = {
				ALWAYS_SEARCH_USER_PATHS = NO;
				CLANG_CXX_LANGUAGE_STANDARD = "gnu++0x";
				CLANG_CXX_LIBRARY = "libc++";
				CLANG_ENABLE_MODULES = YES;
				CLANG_ENABLE_OBJC_ARC = YES;
				CLANG_WARN_BOOL_CONVERSION = YES;
				CLANG_WARN_CONSTANT_CONVERSION = YES;
				CLANG_WARN_DIRECT_OBJC_ISA_USAGE = YES_ERROR;
				CLANG_WARN_EMPTY_BODY = YES;
				CLANG_WARN_ENUM_CONVERSION = YES;
				CLANG_WARN_INT_CONVERSION = YES;
				CLANG_WARN_OBJC_ROOT_CLASS = YES_ERROR;
				CLANG_WARN_UNREACHABLE_CODE = YES;
				CLANG_WARN__DUPLICATE_METHOD_MATCH = YES;
				"CODE_SIGN_IDENTITY[sdk=iphoneos*]" = "iPhone Developer";
				COPY_PHASE_STRIP = NO;
				DEBUG_INFORMATION_FORMAT = "dwarf-with-dsym";
				ENABLE_NS_ASSERTIONS = NO;
				ENABLE_STRICT_OBJC_MSGSEND = YES;
				GCC_C_LANGUAGE_STANDARD = gnu99;
				GCC_NO_COMMON_BLOCKS = YES;
				GCC_WARN_64_TO_32_BIT_CONVERSION = YES;
				GCC_WARN_ABOUT_RETURN_TYPE = YES_ERROR;
				GCC_WARN_UNDECLARED_SELECTOR = YES;
				GCC_WARN_UNINITIALIZED_AUTOS = YES_AGGRESSIVE;
				GCC_WARN_UNUSED_FUNCTION = YES;
				GCC_WARN_UNUSED_VARIABLE = YES;
				IPHONEOS_DEPLOYMENT_TARGET = 8.4;
				MTL_ENABLE_DEBUG_INFO = NO;
				SDKROOT = iphoneos;
				TARGETED_DEVICE_FAMILY = "1,2";
				VALIDATE_PRODUCT = YES;
			};
			name = Release;
		};
		F4D7CCED1BE46CE800069E94 /* Debug */ = {
			isa = XCBuildConfiguration;
			buildSettings = {
				ASSETCATALOG_COMPILER_APPICON_NAME = AppIcon;
				INFOPLIST_FILE = URLParser/Info.plist;
				LD_RUNPATH_SEARCH_PATHS = "$(inherited) @executable_path/Frameworks";
				PRODUCT_NAME = "$(TARGET_NAME)";
			};
			name = Debug;
		};
		F4D7CCEE1BE46CE800069E94 /* Release */ = {
			isa = XCBuildConfiguration;
			buildSettings = {
				ASSETCATALOG_COMPILER_APPICON_NAME = AppIcon;
				INFOPLIST_FILE = URLParser/Info.plist;
				LD_RUNPATH_SEARCH_PATHS = "$(inherited) @executable_path/Frameworks";
				PRODUCT_NAME = "$(TARGET_NAME)";
			};
			name = Release;
		};
		F4D7CCF01BE46CE800069E94 /* Debug */ = {
			isa = XCBuildConfiguration;
			buildSettings = {
				BUNDLE_LOADER = "$(TEST_HOST)";
				FRAMEWORK_SEARCH_PATHS = (
					"$(SDKROOT)/Developer/Library/Frameworks",
					"$(inherited)",
				);
				GCC_PREPROCESSOR_DEFINITIONS = (
					"DEBUG=1",
					"$(inherited)",
				);
				INFOPLIST_FILE = URLParserTests/Info.plist;
				LD_RUNPATH_SEARCH_PATHS = "$(inherited) @executable_path/Frameworks @loader_path/Frameworks";
				PRODUCT_NAME = "$(TARGET_NAME)";
				TEST_HOST = "$(BUILT_PRODUCTS_DIR)/URLParser.app/URLParser";
			};
			name = Debug;
		};
		F4D7CCF11BE46CE800069E94 /* Release */ = {
			isa = XCBuildConfiguration;
			buildSettings = {
				BUNDLE_LOADER = "$(TEST_HOST)";
				FRAMEWORK_SEARCH_PATHS = (
					"$(SDKROOT)/Developer/Library/Frameworks",
					"$(inherited)",
				);
				INFOPLIST_FILE = URLParserTests/Info.plist;
				LD_RUNPATH_SEARCH_PATHS = "$(inherited) @executable_path/Frameworks @loader_path/Frameworks";
				PRODUCT_NAME = "$(TARGET_NAME)";
				TEST_HOST = "$(BUILT_PRODUCTS_DIR)/URLParser.app/URLParser";
			};
			name = Release;
		};
/* End XCBuildConfiguration section */

/* Begin XCConfigurationList section */
		F4D7CCC41BE46CE800069E94 /* Build configuration list for PBXProject "URLParser" */ = {
			isa = XCConfigurationList;
			buildConfigurations = (
				F4D7CCEA1BE46CE800069E94 /* Debug */,
				F4D7CCEB1BE46CE800069E94 /* Release */,
			);
			defaultConfigurationIsVisible = 0;
			defaultConfigurationName = Release;
		};
		F4D7CCEC1BE46CE800069E94 /* Build configuration list for PBXNativeTarget "URLParser" */ = {
			isa = XCConfigurationList;
			buildConfigurations = (
				F4D7CCED1BE46CE800069E94 /* Debug */,
				F4D7CCEE1BE46CE800069E94 /* Release */,
			);
			defaultConfigurationIsVisible = 0;
			defaultConfigurationName = Release;
		};
		F4D7CCEF1BE46CE800069E94 /* Build configuration list for PBXNativeTarget "URLParserTests" */ = {
			isa = XCConfigurationList;
			buildConfigurations = (
				F4D7CCF01BE46CE800069E94 /* Debug */,
				F4D7CCF11BE46CE800069E94 /* Release */,
			);
			defaultConfigurationIsVisible = 0;
			defaultConfigurationName = Release;
		};
/* End XCConfigurationList section */
	};
	rootObject = F4D7CCC11BE46CE800069E94 /* Project object */;
}
